{
  "name": "@substreams/node",
  "version": "0.0.1",
  "lockfileVersion": 3,
  "requires": true,
  "packages": {
    "": {
      "name": "@substreams/node",
      "version": "0.0.1",
      "license": "MIT",
      "dependencies": {
        "@bufbuild/connect-node": "latest",
        "@bufbuild/protobuf": "latest",
        "@substreams/core": "^0.1.2"
      },
      "devDependencies": {
        "@tsconfig/recommended": "latest",
        "rome": "latest",
        "typescript": "latest"
      },
      "engines": {
        "node": ">=16"
      }
    },
    "node_modules/@bufbuild/connect": {
      "version": "0.9.0",
      "resolved": "https://registry.npmjs.org/@bufbuild/connect/-/connect-0.9.0.tgz",
      "integrity": "sha512-UGOapHlbdbXW9Os08plEuR2k3ZwFWni3BnYVSEPITDTjgEqTagbm6lNWurXM53FDPvueSYYTTJF3Rivhp03xbQ==",
      "peerDependencies": {
        "@bufbuild/protobuf": "^1.2.0"
      }
    },
    "node_modules/@bufbuild/connect-node": {
      "version": "0.9.0",
      "resolved": "https://registry.npmjs.org/@bufbuild/connect-node/-/connect-node-0.9.0.tgz",
      "integrity": "sha512-16AqFK+6/VMUceRpQPhJLSuFOtGFnynYp+CDoTg5h/36x8K6poUu3EW1N6yQf/s0pA4ks6furZn2l+auKadmzg==",
      "dependencies": {
        "@bufbuild/connect": "0.9.0",
        "headers-polyfill": "^3.1.2"
      },
      "engines": {
        "node": ">=16.0.0"
      },
      "peerDependencies": {
        "@bufbuild/protobuf": "^1.2.0"
      }
    },
    "node_modules/@bufbuild/protobuf": {
      "version": "1.2.0",
      "resolved": "https://registry.npmjs.org/@bufbuild/protobuf/-/protobuf-1.2.0.tgz",
      "integrity": "sha512-MBVuQMOBHxgGnZ9XCUIi8WOy5O/T4ma3TduCRhRvndv3UDbG9cHgd8h6nOYSGyBYPEvXf1z9nTwhp8mVIDbq2g=="
    },
    "node_modules/@rometools/cli-darwin-arm64": {
      "version": "12.1.2",
      "resolved": "https://registry.npmjs.org/@rometools/cli-darwin-arm64/-/cli-darwin-arm64-12.1.2.tgz",
      "integrity": "sha512-9QxtAwNyX9n7ysxo+9qWczl70I1opulmX7LFNsRJKS9qqyTNc5K++btnNK07vWAIeQsMx4QYwr7241thuBMlFw==",
      "cpu": [
        "arm64"
      ],
      "dev": true,
      "optional": true,
      "os": [
        "darwin"
      ]
    },
    "node_modules/@rometools/cli-darwin-x64": {
      "version": "12.1.2",
      "resolved": "https://registry.npmjs.org/@rometools/cli-darwin-x64/-/cli-darwin-x64-12.1.2.tgz",
      "integrity": "sha512-w28NkGYK/rSmQU2WkNzw1h7ec8IR5a7LzYwPHDvG2ogY5sTcygkg0TGKOF/MHUvixU6EBPrFobua2gPhpr/m5A==",
      "cpu": [
        "x64"
      ],
      "dev": true,
      "optional": true,
      "os": [
        "darwin"
      ]
    },
    "node_modules/@rometools/cli-linux-arm64": {
      "version": "12.1.2",
      "resolved": "https://registry.npmjs.org/@rometools/cli-linux-arm64/-/cli-linux-arm64-12.1.2.tgz",
      "integrity": "sha512-7BPGqPtnJy1O8B/ucJ5Vg+p6EUvJJ9DazrT1UEdVR/4inPqAVac9PIZDjjHXyMrt/3IngnetPyn5EXNTAqpJVw==",
      "cpu": [
        "arm64"
      ],
      "dev": true,
      "optional": true,
      "os": [
        "linux"
      ]
    },
    "node_modules/@rometools/cli-linux-x64": {
      "version": "12.1.2",
      "resolved": "https://registry.npmjs.org/@rometools/cli-linux-x64/-/cli-linux-x64-12.1.2.tgz",
      "integrity": "sha512-qH2iJKPLp34D0GFK1gLolHGkTA8q2vGKh2Ae1AwoTh87g0mXyyeQf4mAtxJtf4/ydMgjEkAZdEwyaevbTX8gnQ==",
      "cpu": [
        "x64"
      ],
      "dev": true,
      "optional": true,
      "os": [
        "linux"
      ]
    },
    "node_modules/@rometools/cli-win32-arm64": {
      "version": "12.1.2",
      "resolved": "https://registry.npmjs.org/@rometools/cli-win32-arm64/-/cli-win32-arm64-12.1.2.tgz",
      "integrity": "sha512-iIdqss2R8bni7C7isA9OLBj1UAA3MeKfca0aHNZr+2gSRdiSxO/47j6s3Tpebso99xsJBAFdWBOruG+l/C+LQg==",
      "cpu": [
        "arm64"
      ],
      "dev": true,
      "optional": true,
      "os": [
        "win32"
      ]
    },
    "node_modules/@rometools/cli-win32-x64": {
      "version": "12.1.2",
      "resolved": "https://registry.npmjs.org/@rometools/cli-win32-x64/-/cli-win32-x64-12.1.2.tgz",
      "integrity": "sha512-MKOd02sSnd/Biogh3rIKpLFZzYbDSVvRNAxbFHJOpyGLbeQHfAg7QxjKwz0PqyrHVjZaTEEPlswrf4IFii0GNg==",
      "cpu": [
        "x64"
      ],
      "dev": true,
      "optional": true,
      "os": [
        "win32"
      ]
    },
    "node_modules/@substreams/core": {
      "version": "0.1.2",
      "resolved": "https://registry.npmjs.org/@substreams/core/-/core-0.1.2.tgz",
      "integrity": "sha512-z+SmB1ub25rwIrK5/Lp6PMcwlYX2UHxTn7/CWsPE0IvzUc2AXsl8qPZ2hVGI8Cc4PwA7kk1lamH5NAzxkNfRxg==",
      "dependencies": {
        "@bufbuild/connect": "^0.9.0",
        "@bufbuild/protobuf": "^1.1.0"
      }
    },
    "node_modules/@tsconfig/recommended": {
      "version": "1.0.2",
      "resolved": "https://registry.npmjs.org/@tsconfig/recommended/-/recommended-1.0.2.tgz",
      "integrity": "sha512-dbHBtbWBOjq0/otpopAE02NT2Cm05Qe2JsEKeCf/wjSYbI2hz8nCqnpnOJWHATgjDz4fd3dchs3Wy1gQGjfN6w==",
      "dev": true
    },
    "node_modules/headers-polyfill": {
      "version": "3.1.2",
      "resolved": "https://registry.npmjs.org/headers-polyfill/-/headers-polyfill-3.1.2.tgz",
      "integrity": "sha512-tWCK4biJ6hcLqTviLXVR9DTRfYGQMXEIUj3gwJ2rZ5wO/at3XtkI4g8mCvFdUF9l1KMBNCfmNAdnahm1cgavQA=="
    },
    "node_modules/rome": {
      "version": "12.1.2",
      "resolved": "https://registry.npmjs.org/rome/-/rome-12.1.2.tgz",
      "integrity": "sha512-ObyDevKRU6k3R9fAK9hDvrX9FSPEJ0JWNv5i65enknV+epWjEIL0jnDuijPUX7MSVS6M/ngTiKUaeF3w63SJXw==",
      "dev": true,
      "hasInstallScript": true,
      "bin": {
        "rome": "bin/rome"
      },
      "engines": {
        "node": ">=14.*"
      },
      "optionalDependencies": {
        "@rometools/cli-darwin-arm64": "12.1.2",
        "@rometools/cli-darwin-x64": "12.1.2",
        "@rometools/cli-linux-arm64": "12.1.2",
        "@rometools/cli-linux-x64": "12.1.2",
        "@rometools/cli-win32-arm64": "12.1.2",
        "@rometools/cli-win32-x64": "12.1.2"
      }
    },
    "node_modules/typescript": {
      "version": "5.0.4",
      "resolved": "https://registry.npmjs.org/typescript/-/typescript-5.0.4.tgz",
      "integrity": "sha512-cW9T5W9xY37cc+jfEnaUvX91foxtHkza3Nw3wkoF4sSlKn0MONdkdEndig/qPBWXNkmplh3NzayQzCiHM4/hqw==",
      "dev": true,
      "bin": {
        "tsc": "bin/tsc",
        "tsserver": "bin/tsserver"
      },
      "engines": {
        "node": ">=12.20"
      }
    }
  }
}
