{
  "name": "@substreams/node",
  "version": "0.1.5",
  "lockfileVersion": 3,
  "requires": true,
  "packages": {
    "": {
      "name": "@substreams/node",
      "version": "0.1.5",
      "license": "MIT",
      "dependencies": {
        "@bufbuild/connect": "latest",
        "@bufbuild/connect-node": "latest",
        "@bufbuild/protobuf": "latest",
        "@substreams/core": "^0.1.18"
      },
      "devDependencies": {
        "@tsconfig/recommended": "latest",
        "@types/node": "latest",
        "rome": "latest",
        "typescript": "latest"
      },
      "engines": {
        "node": ">=16"
      }
    },
    "node_modules/@bufbuild/connect": {
      "version": "0.12.0",
      "resolved": "https://registry.npmjs.org/@bufbuild/connect/-/connect-0.12.0.tgz",
      "integrity": "sha512-rYn3Akp7teOkvqxguLbf6QKizH37Yeo33lseV+JHDZC19CsAV9wrrZM17Sa+LNEBj/hrYtQF7EIcllgGxhv9aw==",
      "peerDependencies": {
        "@bufbuild/protobuf": "^1.2.1"
      }
    },
    "node_modules/@bufbuild/connect-node": {
      "version": "0.12.0",
      "resolved": "https://registry.npmjs.org/@bufbuild/connect-node/-/connect-node-0.12.0.tgz",
      "integrity": "sha512-pg5QM4aal28YQ+CrVe85+VM8Yia3Ds/3QKffQRVHZNYiTXrfNpEY0YqbYY6ZSTSf0+HCIzSnyB3XyouRDfidfA==",
      "dependencies": {
        "@bufbuild/connect": "0.12.0",
        "headers-polyfill": "^3.1.2"
      },
      "engines": {
        "node": ">=16.0.0"
      },
      "peerDependencies": {
        "@bufbuild/protobuf": "^1.2.1"
      }
    },
    "node_modules/@bufbuild/protobuf": {
      "version": "1.3.0",
      "resolved": "https://registry.npmjs.org/@bufbuild/protobuf/-/protobuf-1.3.0.tgz",
      "integrity": "sha512-G372ods0pLt46yxVRsnP/e2btVPuuzArcMPFpIDeIwiGPuuglEs9y75iG0HMvZgncsj5TvbYRWqbVyOe3PLCWQ=="
    },
    "node_modules/@rometools/cli-darwin-arm64": {
      "version": "12.1.3",
      "resolved": "https://registry.npmjs.org/@rometools/cli-darwin-arm64/-/cli-darwin-arm64-12.1.3.tgz",
      "integrity": "sha512-AmFTUDYjBuEGQp/Wwps+2cqUr+qhR7gyXAUnkL5psCuNCz3807TrUq/ecOoct5MIavGJTH6R4aaSL6+f+VlBEg==",
      "cpu": [
        "arm64"
      ],
      "dev": true,
      "optional": true,
      "os": [
        "darwin"
      ]
    },
    "node_modules/@rometools/cli-darwin-x64": {
      "version": "12.1.3",
      "resolved": "https://registry.npmjs.org/@rometools/cli-darwin-x64/-/cli-darwin-x64-12.1.3.tgz",
      "integrity": "sha512-k8MbWna8q4LRlb005N2X+JS1UQ+s3ZLBBvwk4fP8TBxlAJXUz17jLLu/Fi+7DTTEmMhM84TWj4FDKW+rNar28g==",
      "cpu": [
        "x64"
      ],
      "dev": true,
      "optional": true,
      "os": [
        "darwin"
      ]
    },
    "node_modules/@rometools/cli-linux-arm64": {
      "version": "12.1.3",
      "resolved": "https://registry.npmjs.org/@rometools/cli-linux-arm64/-/cli-linux-arm64-12.1.3.tgz",
      "integrity": "sha512-X/uLhJ2/FNA3nu5TiyeNPqiD3OZoFfNfRvw6a3ut0jEREPvEn72NI7WPijH/gxSz55znfQ7UQ6iM4DZumUknJg==",
      "cpu": [
        "arm64"
      ],
      "dev": true,
      "optional": true,
      "os": [
        "linux"
      ]
    },
    "node_modules/@rometools/cli-linux-x64": {
      "version": "12.1.3",
      "resolved": "https://registry.npmjs.org/@rometools/cli-linux-x64/-/cli-linux-x64-12.1.3.tgz",
      "integrity": "sha512-csP17q1eWiUXx9z6Jr/JJPibkplyKIwiWPYNzvPCGE8pHlKhwZj3YHRuu7Dm/4EOqx0XFIuqqWZUYm9bkIC8xg==",
      "cpu": [
        "x64"
      ],
      "dev": true,
      "optional": true,
      "os": [
        "linux"
      ]
    },
    "node_modules/@rometools/cli-win32-arm64": {
      "version": "12.1.3",
      "resolved": "https://registry.npmjs.org/@rometools/cli-win32-arm64/-/cli-win32-arm64-12.1.3.tgz",
      "integrity": "sha512-RymHWeod57EBOJY4P636CgUwYA6BQdkQjh56XKk4pLEHO6X1bFyMet2XL7KlHw5qOTalzuzf5jJqUs+vf3jdXQ==",
      "cpu": [
        "arm64"
      ],
      "dev": true,
      "optional": true,
      "os": [
        "win32"
      ]
    },
    "node_modules/@rometools/cli-win32-x64": {
      "version": "12.1.3",
      "resolved": "https://registry.npmjs.org/@rometools/cli-win32-x64/-/cli-win32-x64-12.1.3.tgz",
      "integrity": "sha512-yHSKYidqJMV9nADqg78GYA+cZ0hS1twANAjiFibQdXj9aGzD+s/IzIFEIi/U/OBLvWYg/SCw0QVozi2vTlKFDQ==",
      "cpu": [
        "x64"
      ],
      "dev": true,
      "optional": true,
      "os": [
        "win32"
      ]
    },
    "node_modules/@substreams/core": {
      "version": "0.1.18",
      "resolved": "https://registry.npmjs.org/@substreams/core/-/core-0.1.18.tgz",
      "integrity": "sha512-2LTKiPN2BxrmORoPlW5lelVSYgBZjJixVhvsDl/uvH7ZheNT+1Uh1olJvf9iPC0QAzFC9Yu1dBa9tz3PD64F4A==",
      "dependencies": {
        "@bufbuild/connect": "^0.11.0",
        "@bufbuild/protobuf": "^1.2.1"
      }
    },
    "node_modules/@substreams/core/node_modules/@bufbuild/connect": {
      "version": "0.11.0",
      "resolved": "https://registry.npmjs.org/@bufbuild/connect/-/connect-0.11.0.tgz",
      "integrity": "sha512-a6hrNtBzDzj4hpqylPqpJfMpIP4+O/SnszGgOuRzcuifpTvkwjSmVHLtcvkUYh0wpvjYB0CFmTYzrvAMOftbHw==",
      "peerDependencies": {
        "@bufbuild/protobuf": "^1.2.1"
      }
    },
    "node_modules/@tsconfig/recommended": {
      "version": "1.0.2",
      "resolved": "https://registry.npmjs.org/@tsconfig/recommended/-/recommended-1.0.2.tgz",
      "integrity": "sha512-dbHBtbWBOjq0/otpopAE02NT2Cm05Qe2JsEKeCf/wjSYbI2hz8nCqnpnOJWHATgjDz4fd3dchs3Wy1gQGjfN6w==",
      "dev": true
    },
    "node_modules/@types/node": {
      "version": "20.4.5",
      "resolved": "https://registry.npmjs.org/@types/node/-/node-20.4.5.tgz",
      "integrity": "sha512-rt40Nk13II9JwQBdeYqmbn2Q6IVTA5uPhvSO+JVqdXw/6/4glI6oR9ezty/A9Hg5u7JH4OmYmuQ+XvjKm0Datg==",
      "dev": true
    },
    "node_modules/headers-polyfill": {
      "version": "3.1.2",
      "resolved": "https://registry.npmjs.org/headers-polyfill/-/headers-polyfill-3.1.2.tgz",
      "integrity": "sha512-tWCK4biJ6hcLqTviLXVR9DTRfYGQMXEIUj3gwJ2rZ5wO/at3XtkI4g8mCvFdUF9l1KMBNCfmNAdnahm1cgavQA=="
    },
    "node_modules/rome": {
      "version": "12.1.3",
      "resolved": "https://registry.npmjs.org/rome/-/rome-12.1.3.tgz",
      "integrity": "sha512-e+ff72hxDpe/t5/Us7YRBVw3PBET7SeczTQNn6tvrWdrCaAw3qOukQQ+tDCkyFtS4yGsnhjrJbm43ctNbz27Yg==",
      "dev": true,
      "hasInstallScript": true,
      "bin": {
        "rome": "bin/rome"
      },
      "engines": {
        "node": ">=14.*"
      },
      "optionalDependencies": {
        "@rometools/cli-darwin-arm64": "12.1.3",
        "@rometools/cli-darwin-x64": "12.1.3",
        "@rometools/cli-linux-arm64": "12.1.3",
        "@rometools/cli-linux-x64": "12.1.3",
        "@rometools/cli-win32-arm64": "12.1.3",
        "@rometools/cli-win32-x64": "12.1.3"
      }
    },
    "node_modules/typescript": {
      "version": "5.1.6",
      "resolved": "https://registry.npmjs.org/typescript/-/typescript-5.1.6.tgz",
      "integrity": "sha512-zaWCozRZ6DLEWAWFrVDz1H6FVXzUSfTy5FUMWsQlU8Ym5JP9eO4xkTIROFCQvhQf61z6O/G6ugw3SgAnvvm+HA==",
      "dev": true,
      "bin": {
        "tsc": "bin/tsc",
        "tsserver": "bin/tsserver"
      },
      "engines": {
        "node": ">=14.17"
      }
    }
  }
}
