{
  "name": "@substreams/node",
  "version": "0.6.2",
  "lockfileVersion": 3,
  "requires": true,
  "packages": {
    "": {
      "name": "@substreams/node",
      "version": "0.6.2",
      "license": "MIT",
      "dependencies": {
        "@bufbuild/protobuf": "1.7",
        "@connectrpc/connect": "1.3",
        "@connectrpc/connect-node": "1.3",
        "@connectrpc/connect-web": "1.3",
        "@substreams/core": "latest",
        "eventemitter3": "latest"
      },
      "devDependencies": {
        "@types/node": "latest",
        "typescript": "5.3.3"
      },
      "engines": {
        "node": ">=18"
      }
    },
    "node_modules/@bufbuild/protobuf": {
      "version": "1.7.2",
      "resolved": "https://registry.npmjs.org/@bufbuild/protobuf/-/protobuf-1.7.2.tgz",
      "integrity": "sha512-i5GE2Dk5ekdlK1TR7SugY4LWRrKSfb5T1Qn4unpIMbfxoeGKERKQ59HG3iYewacGD10SR7UzevfPnh6my4tNmQ=="
    },
    "node_modules/@connectrpc/connect": {
      "version": "1.3.0",
      "resolved": "https://registry.npmjs.org/@connectrpc/connect/-/connect-1.3.0.tgz",
      "integrity": "sha512-kTeWxJnLLtxKc2ZSDN0rIBgwfP8RwcLknthX4AKlIAmN9ZC4gGnCbwp+3BKcP/WH5c8zGBAWqSY3zeqCM+ah7w==",
      "peerDependencies": {
        "@bufbuild/protobuf": "^1.4.2"
      }
    },
    "node_modules/@connectrpc/connect-node": {
      "version": "1.3.0",
      "resolved": "https://registry.npmjs.org/@connectrpc/connect-node/-/connect-node-1.3.0.tgz",
      "integrity": "sha512-2fV/z/8MUFOkTn2Gbm7T/qvRfkpt/D/w7ykYqACZRH6VNG/faY4lH2wUZiNkwv9tzTrECKOJFyPsaGs3nRYK3w==",
      "dependencies": {
        "undici": "^5.28.2"
      },
      "engines": {
        "node": ">=16.0.0"
      },
      "peerDependencies": {
        "@bufbuild/protobuf": "^1.4.2",
        "@connectrpc/connect": "1.3.0"
      }
    },
    "node_modules/@connectrpc/connect-web": {
      "version": "1.3.0",
      "resolved": "https://registry.npmjs.org/@connectrpc/connect-web/-/connect-web-1.3.0.tgz",
      "integrity": "sha512-8HSY8x6douX1LcSFsGEUdjs9jwBe9X+LxkCI8hCtH7vKUCZieQqkRWstoApeIJchHYTaQYqwy2ImKnvwyWwruA==",
      "peerDependencies": {
        "@bufbuild/protobuf": "^1.4.2",
        "@connectrpc/connect": "1.3.0"
      }
    },
    "node_modules/@fastify/busboy": {
      "version": "2.1.1",
      "resolved": "https://registry.npmjs.org/@fastify/busboy/-/busboy-2.1.1.tgz",
      "integrity": "sha512-vBZP4NlzfOlerQTnba4aqZoMhE/a9HY7HRqoOPaETQcSQuWEIyZMHGfVu6w9wGtGK5fED5qRs2DteVCjOH60sA==",
      "engines": {
        "node": ">=14"
      }
    },
    "node_modules/@substreams/core": {
      "version": "0.17.0",
      "resolved": "https://registry.npmjs.org/@substreams/core/-/core-0.17.0.tgz",
      "integrity": "sha512-GcXUb2V5bBHgf3yTxMDevpsKoyktvMwWA50SYEAqy+nR7tuO8sAI3c5jnkJIc9X8TZZ74mhJ4ftOJoWqdGgyhA==",
      "peerDependencies": {
        "@bufbuild/protobuf": "^1.7.2",
        "@connectrpc/connect": "^1.3.0"
      }
    },
    "node_modules/@types/node": {
      "version": "22.15.12",
      "resolved": "https://registry.npmjs.org/@types/node/-/node-22.15.12.tgz",
      "integrity": "sha512-K0fpC/ZVeb8G9rm7bH7vI0KAec4XHEhBam616nVJCV51bKzJ6oA3luG4WdKoaztxe70QaNjS/xBmcDLmr4PiGw==",
      "dev": true,
      "dependencies": {
        "undici-types": "~6.21.0"
      }
    },
    "node_modules/eventemitter3": {
      "version": "5.0.1",
      "resolved": "https://registry.npmjs.org/eventemitter3/-/eventemitter3-5.0.1.tgz",
      "integrity": "sha512-GWkBvjiSZK87ELrYOSESUYeVIc9mvLLf/nXalMOS5dYrgZq9o5OVkbZAVM06CVxYsCwH9BDZFPlQTlPA1j4ahA=="
    },
    "node_modules/typescript": {
      "version": "5.3.3",
      "resolved": "https://registry.npmjs.org/typescript/-/typescript-5.3.3.tgz",
      "integrity": "sha512-pXWcraxM0uxAS+tN0AG/BF2TyqmHO014Z070UsJ+pFvYuRSq8KH8DmWpnbXe0pEPDHXZV3FcAbJkijJ5oNEnWw==",
      "dev": true,
      "bin": {
        "tsc": "bin/tsc",
        "tsserver": "bin/tsserver"
      },
      "engines": {
        "node": ">=14.17"
      }
    },
    "node_modules/undici": {
      "version": "5.29.0",
      "resolved": "https://registry.npmjs.org/undici/-/undici-5.29.0.tgz",
      "integrity": "sha512-raqeBD6NQK4SkWhQzeYKd1KmIG6dllBOTt55Rmkt4HtI9mwdWtJljnrXjAFUBLTSN67HWrOIZ3EPF4kjUw80Bg==",
      "dependencies": {
        "@fastify/busboy": "^2.0.0"
      },
      "engines": {
        "node": ">=14.0"
      }
    },
    "node_modules/undici-types": {
      "version": "6.21.0",
      "resolved": "https://registry.npmjs.org/undici-types/-/undici-types-6.21.0.tgz",
      "integrity": "sha512-iwDZqg0QAGrg9Rav5H4n0M64c3mkR59cJ6wQp+7C4nI0gsmExaedaYLNO44eT4AtBBwjbTiGPMlt2Md0T9H9JQ==",
      "dev": true
    }
  }
}
